
Microsoft Visual Studio Solution File, Format Version 12.00
# Visual Studio Version 17
VisualStudioVersion = 17.4.33103.184
MinimumVisualStudioVersion = 10.0.40219.1
Project("{FAE04EC0-301F-11D3-BF4B-00C04F79EFBC}") = "MyAppDemo.UWP", "MyAppDemo\MyAppDemo.UWP\MyAppDemo.UWP.csproj", "{828C5B3A-9B9F-48C7-A4CA-A4ABE1ED8E5F}"
EndProject
Project("{FAE04EC0-301F-11D3-BF4B-00C04F79EFBC}") = "MyAppDemo.Android", "MyAppDemo\MyAppDemo.Android\MyAppDemo.Android.csproj", "{7AE0BBE5-97DC-4AB7-A782-C74629946A0F}"
EndProject
Project("{FAE04EC0-301F-11D3-BF4B-00C04F79EFBC}") = "MyAppDemo.iOS", "MyAppDemo\MyAppDemo.iOS\MyAppDemo.iOS.csproj", "{5F432D8B-F7FB-48D3-8706-5B5A05441801}"
EndProject
Project("{FAE04EC0-301F-11D3-BF4B-00C04F79EFBC}") = "MyAppDemo", "MyAppDemo\MyAppDemo\MyAppDemo.csproj", "{FAA422F3-C12F-408F-8B46-0C398FBF87C1}"
EndProject
Global
	GlobalSection(SolutionConfigurationPlatforms) = preSolution
		Debug|Any CPU = Debug|Any CPU
		Debug|ARM = Debug|ARM
		Debug|iPhone = Debug|iPhone
		Debug|iPhoneSimulator = Debug|iPhoneSimulator
		Debug|x64 = Debug|x64
		Debug|x86 = Debug|x86
		Release|Any CPU = Release|Any CPU
		Release|ARM = Release|ARM
		Release|iPhone = Release|iPhone
		Release|iPhoneSimulator = Release|iPhoneSimulator
		Release|x64 = Release|x64
		Release|x86 = Release|x86
	EndGlobalSection
	GlobalSection(ProjectConfigurationPlatforms) = postSolution
		{828C5B3A-9B9F-48C7-A4CA-A4ABE1ED8E5F}.Debug|Any CPU.ActiveCfg = Debug|x64
		{828C5B3A-9B9F-48C7-A4CA-A4ABE1ED8E5F}.Debug|Any CPU.Build.0 = Debug|x64
		{828C5B3A-9B9F-48C7-A4CA-A4ABE1ED8E5F}.Debug|Any CPU.Deploy.0 = Debug|x64
		{828C5B3A-9B9F-48C7-A4CA-A4ABE1ED8E5F}.Debug|ARM.ActiveCfg = Debug|ARM
		{828C5B3A-9B9F-48C7-A4CA-A4ABE1ED8E5F}.Debug|ARM.Build.0 = Debug|ARM
		{828C5B3A-9B9F-48C7-A4CA-A4ABE1ED8E5F}.Debug|ARM.Deploy.0 = Debug|ARM
		{828C5B3A-9B9F-48C7-A4CA-A4ABE1ED8E5F}.Debug|iPhone.ActiveCfg = Debug|x64
		{828C5B3A-9B9F-48C7-A4CA-A4ABE1ED8E5F}.Debug|iPhone.Build.0 = Debug|x64
		{828C5B3A-9B9F-48C7-A4CA-A4ABE1ED8E5F}.Debug|iPhone.Deploy.0 = Debug|x64
		{828C5B3A-9B9F-48C7-A4CA-A4ABE1ED8E5F}.Debug|iPhoneSimulator.ActiveCfg = Debug|x64
		{828C5B3A-9B9F-48C7-A4CA-A4ABE1ED8E5F}.Debug|iPhoneSimulator.Build.0 = Debug|x64
		{828C5B3A-9B9F-48C7-A4CA-A4ABE1ED8E5F}.Debug|iPhoneSimulator.Deploy.0 = Debug|x64
		{828C5B3A-9B9F-48C7-A4CA-A4ABE1ED8E5F}.Debug|x64.ActiveCfg = Debug|x64
		{828C5B3A-9B9F-48C7-A4CA-A4ABE1ED8E5F}.Debug|x64.Build.0 = Debug|x64
		{828C5B3A-9B9F-48C7-A4CA-A4ABE1ED8E5F}.Debug|x64.Deploy.0 = Debug|x64
		{828C5B3A-9B9F-48C7-A4CA-A4ABE1ED8E5F}.Debug|x86.ActiveCfg = Debug|x86
		{828C5B3A-9B9F-48C7-A4CA-A4ABE1ED8E5F}.Debug|x86.Build.0 = Debug|x86
		{828C5B3A-9B9F-48C7-A4CA-A4ABE1ED8E5F}.Debug|x86.Deploy.0 = Debug|x86
		{828C5B3A-9B9F-48C7-A4CA-A4ABE1ED8E5F}.Release|Any CPU.ActiveCfg = Release|x64
		{828C5B3A-9B9F-48C7-A4CA-A4ABE1ED8E5F}.Release|Any CPU.Build.0 = Release|x64
		{828C5B3A-9B9F-48C7-A4CA-A4ABE1ED8E5F}.Release|Any CPU.Deploy.0 = Release|x64
		{828C5B3A-9B9F-48C7-A4CA-A4ABE1ED8E5F}.Release|ARM.ActiveCfg = Release|ARM
		{828C5B3A-9B9F-48C7-A4CA-A4ABE1ED8E5F}.Release|ARM.Build.0 = Release|ARM
		{828C5B3A-9B9F-48C7-A4CA-A4ABE1ED8E5F}.Release|ARM.Deploy.0 = Release|ARM
		{828C5B3A-9B9F-48C7-A4CA-A4ABE1ED8E5F}.Release|iPhone.ActiveCfg = Release|x64
		{828C5B3A-9B9F-48C7-A4CA-A4ABE1ED8E5F}.Release|iPhone.Build.0 = Release|x64
		{828C5B3A-9B9F-48C7-A4CA-A4ABE1ED8E5F}.Release|iPhone.Deploy.0 = Release|x64
		{828C5B3A-9B9F-48C7-A4CA-A4ABE1ED8E5F}.Release|iPhoneSimulator.ActiveCfg = Release|x64
		{828C5B3A-9B9F-48C7-A4CA-A4ABE1ED8E5F}.Release|iPhoneSimulator.Build.0 = Release|x64
		{828C5B3A-9B9F-48C7-A4CA-A4ABE1ED8E5F}.Release|iPhoneSimulator.Deploy.0 = Release|x64
		{828C5B3A-9B9F-48C7-A4CA-A4ABE1ED8E5F}.Release|x64.ActiveCfg = Release|x64
		{828C5B3A-9B9F-48C7-A4CA-A4ABE1ED8E5F}.Release|x64.Build.0 = Release|x64
		{828C5B3A-9B9F-48C7-A4CA-A4ABE1ED8E5F}.Release|x64.Deploy.0 = Release|x64
		{828C5B3A-9B9F-48C7-A4CA-A4ABE1ED8E5F}.Release|x86.ActiveCfg = Release|x86
		{828C5B3A-9B9F-48C7-A4CA-A4ABE1ED8E5F}.Release|x86.Build.0 = Release|x86
		{828C5B3A-9B9F-48C7-A4CA-A4ABE1ED8E5F}.Release|x86.Deploy.0 = Release|x86
		{7AE0BBE5-97DC-4AB7-A782-C74629946A0F}.Debug|Any CPU.ActiveCfg = Debug|Any CPU
		{7AE0BBE5-97DC-4AB7-A782-C74629946A0F}.Debug|Any CPU.Build.0 = Debug|Any CPU
		{7AE0BBE5-97DC-4AB7-A782-C74629946A0F}.Debug|Any CPU.Deploy.0 = Debug|Any CPU
		{7AE0BBE5-97DC-4AB7-A782-C74629946A0F}.Debug|ARM.ActiveCfg = Debug|Any CPU
		{7AE0BBE5-97DC-4AB7-A782-C74629946A0F}.Debug|ARM.Build.0 = Debug|Any CPU
		{7AE0BBE5-97DC-4AB7-A782-C74629946A0F}.Debug|ARM.Deploy.0 = Debug|Any CPU
		{7AE0BBE5-97DC-4AB7-A782-C74629946A0F}.Debug|iPhone.ActiveCfg = Debug|Any CPU
		{7AE0BBE5-97DC-4AB7-A782-C74629946A0F}.Debug|iPhone.Build.0 = Debug|Any CPU
		{7AE0BBE5-97DC-4AB7-A782-C74629946A0F}.Debug|iPhone.Deploy.0 = Debug|Any CPU
		{7AE0BBE5-97DC-4AB7-A782-C74629946A0F}.Debug|iPhoneSimulator.ActiveCfg = Debug|Any CPU
		{7AE0BBE5-97DC-4AB7-A782-C74629946A0F}.Debug|iPhoneSimulator.Build.0 = Debug|Any CPU
		{7AE0BBE5-97DC-4AB7-A782-C74629946A0F}.Debug|iPhoneSimulator.Deploy.0 = Debug|Any CPU
		{7AE0BBE5-97DC-4AB7-A782-C74629946A0F}.Debug|x64.ActiveCfg = Debug|Any CPU
		{7AE0BBE5-97DC-4AB7-A782-C74629946A0F}.Debug|x64.Build.0 = Debug|Any CPU
		{7AE0BBE5-97DC-4AB7-A782-C74629946A0F}.Debug|x64.Deploy.0 = Debug|Any CPU
		{7AE0BBE5-97DC-4AB7-A782-C74629946A0F}.Debug|x86.ActiveCfg = Debug|Any CPU
		{7AE0BBE5-97DC-4AB7-A782-C74629946A0F}.Debug|x86.Build.0 = Debug|Any CPU
		{7AE0BBE5-97DC-4AB7-A782-C74629946A0F}.Debug|x86.Deploy.0 = Debug|Any CPU
		{7AE0BBE5-97DC-4AB7-A782-C74629946A0F}.Release|Any CPU.ActiveCfg = Release|Any CPU
		{7AE0BBE5-97DC-4AB7-A782-C74629946A0F}.Release|Any CPU.Build.0 = Release|Any CPU
		{7AE0BBE5-97DC-4AB7-A782-C74629946A0F}.Release|Any CPU.Deploy.0 = Release|Any CPU
		{7AE0BBE5-97DC-4AB7-A782-C74629946A0F}.Release|ARM.ActiveCfg = Release|Any CPU
		{7AE0BBE5-97DC-4AB7-A782-C74629946A0F}.Release|ARM.Build.0 = Release|Any CPU
		{7AE0BBE5-97DC-4AB7-A782-C74629946A0F}.Release|ARM.Deploy.0 = Release|Any CPU
		{7AE0BBE5-97DC-4AB7-A782-C74629946A0F}.Release|iPhone.ActiveCfg = Release|Any CPU
		{7AE0BBE5-97DC-4AB7-A782-C74629946A0F}.Release|iPhone.Build.0 = Release|Any CPU
		{7AE0BBE5-97DC-4AB7-A782-C74629946A0F}.Release|iPhone.Deploy.0 = Release|Any CPU
		{7AE0BBE5-97DC-4AB7-A782-C74629946A0F}.Release|iPhoneSimulator.ActiveCfg = Release|Any CPU
		{7AE0BBE5-97DC-4AB7-A782-C74629946A0F}.Release|iPhoneSimulator.Build.0 = Release|Any CPU
		{7AE0BBE5-97DC-4AB7-A782-C74629946A0F}.Release|iPhoneSimulator.Deploy.0 = Release|Any CPU
		{7AE0BBE5-97DC-4AB7-A782-C74629946A0F}.Release|x64.ActiveCfg = Release|Any CPU
		{7AE0BBE5-97DC-4AB7-A782-C74629946A0F}.Release|x64.Build.0 = Release|Any CPU
		{7AE0BBE5-97DC-4AB7-A782-C74629946A0F}.Release|x64.Deploy.0 = Release|Any CPU
		{7AE0BBE5-97DC-4AB7-A782-C74629946A0F}.Release|x86.ActiveCfg = Release|Any CPU
		{7AE0BBE5-97DC-4AB7-A782-C74629946A0F}.Release|x86.Build.0 = Release|Any CPU
		{7AE0BBE5-97DC-4AB7-A782-C74629946A0F}.Release|x86.Deploy.0 = Release|Any CPU
		{5F432D8B-F7FB-48D3-8706-5B5A05441801}.Debug|Any CPU.ActiveCfg = Debug|iPhoneSimulator
		{5F432D8B-F7FB-48D3-8706-5B5A05441801}.Debug|Any CPU.Build.0 = Debug|iPhoneSimulator
		{5F432D8B-F7FB-48D3-8706-5B5A05441801}.Debug|Any CPU.Deploy.0 = Debug|iPhoneSimulator
		{5F432D8B-F7FB-48D3-8706-5B5A05441801}.Debug|ARM.ActiveCfg = Debug|iPhoneSimulator
		{5F432D8B-F7FB-48D3-8706-5B5A05441801}.Debug|ARM.Build.0 = Debug|iPhoneSimulator
		{5F432D8B-F7FB-48D3-8706-5B5A05441801}.Debug|ARM.Deploy.0 = Debug|iPhoneSimulator
		{5F432D8B-F7FB-48D3-8706-5B5A05441801}.Debug|iPhone.ActiveCfg = Debug|iPhone
		{5F432D8B-F7FB-48D3-8706-5B5A05441801}.Debug|iPhone.Build.0 = Debug|iPhone
		{5F432D8B-F7FB-48D3-8706-5B5A05441801}.Debug|iPhone.Deploy.0 = Debug|iPhone
		{5F432D8B-F7FB-48D3-8706-5B5A05441801}.Debug|iPhoneSimulator.ActiveCfg = Debug|iPhoneSimulator
		{5F432D8B-F7FB-48D3-8706-5B5A05441801}.Debug|iPhoneSimulator.Build.0 = Debug|iPhoneSimulator
		{5F432D8B-F7FB-48D3-8706-5B5A05441801}.Debug|iPhoneSimulator.Deploy.0 = Debug|iPhoneSimulator
		{5F432D8B-F7FB-48D3-8706-5B5A05441801}.Debug|x64.ActiveCfg = Debug|iPhone
		{5F432D8B-F7FB-48D3-8706-5B5A05441801}.Debug|x64.Build.0 = Debug|iPhone
		{5F432D8B-F7FB-48D3-8706-5B5A05441801}.Debug|x64.Deploy.0 = Debug|iPhone
		{5F432D8B-F7FB-48D3-8706-5B5A05441801}.Debug|x86.ActiveCfg = Debug|iPhoneSimulator
		{5F432D8B-F7FB-48D3-8706-5B5A05441801}.Debug|x86.Build.0 = Debug|iPhoneSimulator
		{5F432D8B-F7FB-48D3-8706-5B5A05441801}.Debug|x86.Deploy.0 = Debug|iPhoneSimulator
		{5F432D8B-F7FB-48D3-8706-5B5A05441801}.Release|Any CPU.ActiveCfg = Release|iPhoneSimulator
		{5F432D8B-F7FB-48D3-8706-5B5A05441801}.Release|Any CPU.Build.0 = Release|iPhoneSimulator
		{5F432D8B-F7FB-48D3-8706-5B5A05441801}.Release|Any CPU.Deploy.0 = Release|iPhoneSimulator
		{5F432D8B-F7FB-48D3-8706-5B5A05441801}.Release|ARM.ActiveCfg = Release|iPhoneSimulator
		{5F432D8B-F7FB-48D3-8706-5B5A05441801}.Release|ARM.Build.0 = Release|iPhoneSimulator
		{5F432D8B-F7FB-48D3-8706-5B5A05441801}.Release|ARM.Deploy.0 = Release|iPhoneSimulator
		{5F432D8B-F7FB-48D3-8706-5B5A05441801}.Release|iPhone.ActiveCfg = Release|iPhone
		{5F432D8B-F7FB-48D3-8706-5B5A05441801}.Release|iPhone.Build.0 = Release|iPhone
		{5F432D8B-F7FB-48D3-8706-5B5A05441801}.Release|iPhone.Deploy.0 = Release|iPhone
		{5F432D8B-F7FB-48D3-8706-5B5A05441801}.Release|iPhoneSimulator.ActiveCfg = Release|iPhoneSimulator
		{5F432D8B-F7FB-48D3-8706-5B5A05441801}.Release|iPhoneSimulator.Build.0 = Release|iPhoneSimulator
		{5F432D8B-F7FB-48D3-8706-5B5A05441801}.Release|iPhoneSimulator.Deploy.0 = Release|iPhoneSimulator
		{5F432D8B-F7FB-48D3-8706-5B5A05441801}.Release|x64.ActiveCfg = Release|iPhoneSimulator
		{5F432D8B-F7FB-48D3-8706-5B5A05441801}.Release|x64.Build.0 = Release|iPhoneSimulator
		{5F432D8B-F7FB-48D3-8706-5B5A05441801}.Release|x64.Deploy.0 = Release|iPhoneSimulator
		{5F432D8B-F7FB-48D3-8706-5B5A05441801}.Release|x86.ActiveCfg = Release|iPhoneSimulator
		{5F432D8B-F7FB-48D3-8706-5B5A05441801}.Release|x86.Build.0 = Release|iPhoneSimulator
		{5F432D8B-F7FB-48D3-8706-5B5A05441801}.Release|x86.Deploy.0 = Release|iPhoneSimulator
		{FAA422F3-C12F-408F-8B46-0C398FBF87C1}.Debug|Any CPU.ActiveCfg = Debug|Any CPU
		{FAA422F3-C12F-408F-8B46-0C398FBF87C1}.Debug|Any CPU.Build.0 = Debug|Any CPU
		{FAA422F3-C12F-408F-8B46-0C398FBF87C1}.Debug|Any CPU.Deploy.0 = Debug|Any CPU
		{FAA422F3-C12F-408F-8B46-0C398FBF87C1}.Debug|ARM.ActiveCfg = Debug|Any CPU
		{FAA422F3-C12F-408F-8B46-0C398FBF87C1}.Debug|ARM.Build.0 = Debug|Any CPU
		{FAA422F3-C12F-408F-8B46-0C398FBF87C1}.Debug|ARM.Deploy.0 = Debug|Any CPU
		{FAA422F3-C12F-408F-8B46-0C398FBF87C1}.Debug|iPhone.ActiveCfg = Debug|Any CPU
		{FAA422F3-C12F-408F-8B46-0C398FBF87C1}.Debug|iPhone.Build.0 = Debug|Any CPU
		{FAA422F3-C12F-408F-8B46-0C398FBF87C1}.Debug|iPhone.Deploy.0 = Debug|Any CPU
		{FAA422F3-C12F-408F-8B46-0C398FBF87C1}.Debug|iPhoneSimulator.ActiveCfg = Debug|Any CPU
		{FAA422F3-C12F-408F-8B46-0C398FBF87C1}.Debug|iPhoneSimulator.Build.0 = Debug|Any CPU
		{FAA422F3-C12F-408F-8B46-0C398FBF87C1}.Debug|iPhoneSimulator.Deploy.0 = Debug|Any CPU
		{FAA422F3-C12F-408F-8B46-0C398FBF87C1}.Debug|x64.ActiveCfg = Debug|Any CPU
		{FAA422F3-C12F-408F-8B46-0C398FBF87C1}.Debug|x64.Build.0 = Debug|Any CPU
		{FAA422F3-C12F-408F-8B46-0C398FBF87C1}.Debug|x64.Deploy.0 = Debug|Any CPU
		{FAA422F3-C12F-408F-8B46-0C398FBF87C1}.Debug|x86.ActiveCfg = Debug|Any CPU
		{FAA422F3-C12F-408F-8B46-0C398FBF87C1}.Debug|x86.Build.0 = Debug|Any CPU
		{FAA422F3-C12F-408F-8B46-0C398FBF87C1}.Debug|x86.Deploy.0 = Debug|Any CPU
		{FAA422F3-C12F-408F-8B46-0C398FBF87C1}.Release|Any CPU.ActiveCfg = Release|Any CPU
		{FAA422F3-C12F-408F-8B46-0C398FBF87C1}.Release|Any CPU.Build.0 = Release|Any CPU
		{FAA422F3-C12F-408F-8B46-0C398FBF87C1}.Release|Any CPU.Deploy.0 = Release|Any CPU
		{FAA422F3-C12F-408F-8B46-0C398FBF87C1}.Release|ARM.ActiveCfg = Release|Any CPU
		{FAA422F3-C12F-408F-8B46-0C398FBF87C1}.Release|ARM.Build.0 = Release|Any CPU
		{FAA422F3-C12F-408F-8B46-0C398FBF87C1}.Release|ARM.Deploy.0 = Release|Any CPU
		{FAA422F3-C12F-408F-8B46-0C398FBF87C1}.Release|iPhone.ActiveCfg = Release|Any CPU
		{FAA422F3-C12F-408F-8B46-0C398FBF87C1}.Release|iPhone.Build.0 = Release|Any CPU
		{FAA422F3-C12F-408F-8B46-0C398FBF87C1}.Release|iPhone.Deploy.0 = Release|Any CPU
		{FAA422F3-C12F-408F-8B46-0C398FBF87C1}.Release|iPhoneSimulator.ActiveCfg = Release|Any CPU
		{FAA422F3-C12F-408F-8B46-0C398FBF87C1}.Release|iPhoneSimulator.Build.0 = Release|Any CPU
		{FAA422F3-C12F-408F-8B46-0C398FBF87C1}.Release|iPhoneSimulator.Deploy.0 = Release|Any CPU
		{FAA422F3-C12F-408F-8B46-0C398FBF87C1}.Release|x64.ActiveCfg = Release|Any CPU
		{FAA422F3-C12F-408F-8B46-0C398FBF87C1}.Release|x64.Build.0 = Release|Any CPU
		{FAA422F3-C12F-408F-8B46-0C398FBF87C1}.Release|x64.Deploy.0 = Release|Any CPU
		{FAA422F3-C12F-408F-8B46-0C398FBF87C1}.Release|x86.ActiveCfg = Release|Any CPU
		{FAA422F3-C12F-408F-8B46-0C398FBF87C1}.Release|x86.Build.0 = Release|Any CPU
		{FAA422F3-C12F-408F-8B46-0C398FBF87C1}.Release|x86.Deploy.0 = Release|Any CPU
	EndGlobalSection
	GlobalSection(SolutionProperties) = preSolution
		HideSolutionNode = FALSE
	EndGlobalSection
	GlobalSection(ExtensibilityGlobals) = postSolution
		SolutionGuid = {95B27B3C-CE46-4AD4-A60A-06A70EF53E7F}
	EndGlobalSection
EndGlobal
